PODS:
  - ShimmerSwift (2.1.1)
  - SideMenu (6.5.0)
  - SwiftLint (0.43.1)

DEPENDENCIES:
  - ShimmerSwift
  - SideMenu
  - SwiftLint

SPEC REPOS:
  trunk:
    - ShimmerSwift
    - SideMenu
    - SwiftLint

SPEC CHECKSUMS:
  ShimmerSwift: f7ed2daf9c246de8299dfd9e12c6ab465cba9842
  SideMenu: f583187d21c5b1dd04c72002be544b555a2627a2
  SwiftLint: 99f82d07b837b942dd563c668de129a03fc3fb52

PODFILE CHECKSUM: b2504787d02464a361d3b30e98632b421943c804

COCOAPODS: 1.10.1
